{
  "name": "uPortal-start",
  "lockfileVersion": 2,
  "requires": true,
  "packages": {
    "": {
      "dependencies": {
        "@playwright/test": "^1.23.3"
      }
    },
    "node_modules/@playwright/test": {
      "version": "1.23.3",
      "resolved": "https://registry.npmjs.org/@playwright/test/-/test-1.23.3.tgz",
      "integrity": "sha512-kR4vo2UGHC84DGqE6EwvAeaehj3xCAK6LoC1P1eu6ZGdC79rlqRKf8cFDx6q6c9T8MQSL1O9eOlup0BpwqNF0w==",
      "dependencies": {
        "@types/node": "*",
        "playwright-core": "1.23.3"
      },
      "bin": {
        "playwright": "cli.js"
      },
      "engines": {
        "node": ">=14"
      }
    },
    "node_modules/@types/node": {
      "version": "18.0.3",
      "resolved": "https://registry.npmjs.org/@types/node/-/node-18.0.3.tgz",
      "integrity": "sha512-HzNRZtp4eepNitP+BD6k2L6DROIDG4Q0fm4x+dwfsr6LGmROENnok75VGw40628xf+iR24WeMFcHuuBDUAzzsQ=="
    },
    "node_modules/playwright-core": {
      "version": "1.23.3",
      "resolved": "https://registry.npmjs.org/playwright-core/-/playwright-core-1.23.3.tgz",
      "integrity": "sha512-x35yzsXDyo0BIXYimLnUFNyb42c//NadUNH6IPGOteZm96oTGA1kn4Hq6qJTI1/f9wEc1F9O1DsznXIgXMil7A==",
      "bin": {
        "playwright": "cli.js"
      },
      "engines": {
        "node": ">=14"
      }
    }
  },
  "dependencies": {
    "@playwright/test": {
      "version": "1.23.3",
      "resolved": "https://registry.npmjs.org/@playwright/test/-/test-1.23.3.tgz",
      "integrity": "sha512-kR4vo2UGHC84DGqE6EwvAeaehj3xCAK6LoC1P1eu6ZGdC79rlqRKf8cFDx6q6c9T8MQSL1O9eOlup0BpwqNF0w==",
      "requires": {
        "@types/node": "*",
        "playwright-core": "1.23.3"
      }
    },
    "@types/node": {
      "version": "18.0.3",
      "resolved": "https://registry.npmjs.org/@types/node/-/node-18.0.3.tgz",
      "integrity": "sha512-HzNRZtp4eepNitP+BD6k2L6DROIDG4Q0fm4x+dwfsr6LGmROENnok75VGw40628xf+iR24WeMFcHuuBDUAzzsQ=="
    },
    "playwright-core": {
      "version": "1.23.3",
      "resolved": "https://registry.npmjs.org/playwright-core/-/playwright-core-1.23.3.tgz",
      "integrity": "sha512-x35yzsXDyo0BIXYimLnUFNyb42c//NadUNH6IPGOteZm96oTGA1kn4Hq6qJTI1/f9wEc1F9O1DsznXIgXMil7A=="
    }
  }
}
